Microsoft Visual Studio Solution File, Format Version 12.00
# Visual Studio Version 17
VisualStudioVersion = 17.8.34408.163
MinimumVisualStudioVersion = 10.0.40219.1
Project("{9A19103F-16F7-4668-BE54-9A1E7A4F7556}") = "Dotel2", "Dotel2\Dotel2.csproj", "{A0F671A6-1571-4E9E-A578-CCE3442F5684}"
EndProject
Global
	GlobalSection(SolutionConfigurationPlatforms) = preSolution
		Debug|Any CPU = Debug|Any CPU
		Release|Any CPU = Release|Any CPU
	EndGlobalSection
	GlobalSection(ProjectConfigurationPlatforms) = postSolution
		{A0F671A6-1571-4E9E-A578-CCE3442F5684}.Debug|Any CPU.ActiveCfg = Debug|Any CPU
		{A0F671A6-1571-4E9E-A578-CCE3442F5684}.Debug|Any CPU.Build.0 = Debug|Any CPU
		{A0F671A6-1571-4E9E-A578-CCE3442F5684}.Release|Any CPU.ActiveCfg = Release|Any CPU
		{A0F671A6-1571-4E9E-A578-CCE3442F5684}.Release|Any CPU.Build.0 = Release|Any CPU
	EndGlobalSection
	GlobalSection(SolutionProperties) = preSolution
		HideSolutionNode = FALSE
	EndGlobalSection
	GlobalSection(ExtensibilityGlobals) = postSolution
		SolutionGuid = {E6F4650A-AC59-4FF3-A665-6248845D9A61}
	EndGlobalSection
EndGlobal
